{
  "nodes": {
    "allout58-dotfiles": {
      "flake": false,
      "locked": {
        "lastModified": 1720471600,
        "narHash": "sha256-Ck+Vg95nxdqJFtp6MVdhTV7RWw1XfGh0swxHdT27xkk=",
        "owner": "allout58",
        "repo": "dotfiles",
        "rev": "ed82212c5923b715384079666a15e62c1cdf846b",
        "type": "github"
      },
      "original": {
        "owner": "allout58",
        "ref": "main",
        "repo": "dotfiles",
        "type": "github"
      }
    },
    "nixpkgs": {
      "locked": {
        "lastModified": 1719956923,
        "narHash": "sha256-nNJHJ9kfPdzYsCOlHOnbiiyKjZUW5sWbwx3cakg3/C4=",
        "owner": "NixOS",
        "repo": "nixpkgs",
        "rev": "706eef542dec88cc0ed25b9075d3037564b2d164",
        "type": "github"
      },
      "original": {
        "owner": "NixOS",
        "ref": "nixos-24.05",
        "repo": "nixpkgs",
        "type": "github"
      }
    },
    "root": {
      "inputs": {
        "allout58-dotfiles": "allout58-dotfiles",
        "nixpkgs": "nixpkgs"
      }
    }
  },
  "root": "root",
  "version": 7
}
